{
  "name": "lucene-filter",
  "version": "0.0.1",
  "lockfileVersion": 1,
  "requires": true,
  "dependencies": {
    "lucene": {
      "version": "2.0.2",
      "resolved": "https://registry.npmjs.org/lucene/-/lucene-2.0.2.tgz",
      "integrity": "sha512-4Ufhi6TYe5pS4kZizrMrSHfjhseQkWZqAP9O2+OAhdjCtVA9toQ1pTLMS0JYf3bKRnBEPTyoAKRNKjXExUPgrA=="
    }
  }
}
